
Microsoft Visual Studio Solution File, Format Version 12.00
# Visual Studio Version 16
VisualStudioVersion = 16.0.31911.196
MinimumVisualStudioVersion = 10.0.40219.1
Project("{FAE04EC0-301F-11D3-BF4B-00C04F79EFBC}") = "TPSIM-1-2022", "TPSIM-1-2022\TPSIM-1-2022.csproj", "{ACDAAA3C-EFBE-434C-84E3-29D7D8F4F75D}"
EndProject
Global
	GlobalSection(SolutionConfigurationPlatforms) = preSolution
		Debug|Any CPU = Debug|Any CPU
		Release|Any CPU = Release|Any CPU
	EndGlobalSection
	GlobalSection(ProjectConfigurationPlatforms) = postSolution
		{ACDAAA3C-EFBE-434C-84E3-29D7D8F4F75D}.Debug|Any CPU.ActiveCfg = Debug|Any CPU
		{ACDAAA3C-EFBE-434C-84E3-29D7D8F4F75D}.Debug|Any CPU.Build.0 = Debug|Any CPU
		{ACDAAA3C-EFBE-434C-84E3-29D7D8F4F75D}.Release|Any CPU.ActiveCfg = Release|Any CPU
		{ACDAAA3C-EFBE-434C-84E3-29D7D8F4F75D}.Release|Any CPU.Build.0 = Release|Any CPU
	EndGlobalSection
	GlobalSection(SolutionProperties) = preSolution
		HideSolutionNode = FALSE
	EndGlobalSection
	GlobalSection(ExtensibilityGlobals) = postSolution
		SolutionGuid = {349AE769-7DF0-4A0A-9486-687C48C390FA}
	EndGlobalSection
EndGlobal
